# Pinned install set for reproducible deploys/CI (audit D12).
# Refresh:  pip install -r requirements.txt && pip freeze > requirements.lock
# Install:  pip install -r requirements.lock
#
# Direct app deps captured 2026-07-20 from a working backend venv:
annotated-types==0.7.0
anyio==4.13.0
cryptography==48.0.0
fastapi==0.136.3
httpx==0.28.1
openpyxl==3.1.5
pdfplumber==0.11.9
psycopg==3.3.4
psycopg-binary==3.3.4
pydantic==2.13.4
pydantic-core==2.41.5
pytest==9.0.3
python-dotenv==1.2.2
python-multipart==0.0.29
starlette==1.2.0
typing_extensions==4.15.0
uvicorn==0.48.0
